
Microsoft Visual Studio Solution File, Format Version 9.00
# Visual Studio 2005
Project("{FAE04EC0-301F-11D3-BF4B-00C04F79EFBC}") = "bacsharp", "bacsharp\bacsharp.csproj", "{AE00C8F8-6B6B-4C14-A884-DCF0EE9EF21B}"
EndProject
Project("{FAE04EC0-301F-11D3-BF4B-00C04F79EFBC}") = "BACnetApplicationLayer", "BACnetApplicationLayer\BACnetApplicationLayer.csproj", "{F6F3E323-C830-45C6-9234-003C5E310B7F}"
EndProject
Project("{FAE04EC0-301F-11D3-BF4B-00C04F79EFBC}") = "AppTest", "AppTest\AppTest.csproj", "{B5DBC927-EAC3-499D-9E3B-A36B8EE66EA1}"
EndProject
Global
	GlobalSection(SolutionConfigurationPlatforms) = preSolution
		Debug|Any CPU = Debug|Any CPU
		Release|Any CPU = Release|Any CPU
	EndGlobalSection
	GlobalSection(ProjectConfigurationPlatforms) = postSolution
		{AE00C8F8-6B6B-4C14-A884-DCF0EE9EF21B}.Debug|Any CPU.ActiveCfg = Debug|Any CPU
		{AE00C8F8-6B6B-4C14-A884-DCF0EE9EF21B}.Debug|Any CPU.Build.0 = Debug|Any CPU
		{AE00C8F8-6B6B-4C14-A884-DCF0EE9EF21B}.Release|Any CPU.ActiveCfg = Release|Any CPU
		{AE00C8F8-6B6B-4C14-A884-DCF0EE9EF21B}.Release|Any CPU.Build.0 = Release|Any CPU
		{F6F3E323-C830-45C6-9234-003C5E310B7F}.Debug|Any CPU.ActiveCfg = Debug|Any CPU
		{F6F3E323-C830-45C6-9234-003C5E310B7F}.Debug|Any CPU.Build.0 = Debug|Any CPU
		{F6F3E323-C830-45C6-9234-003C5E310B7F}.Release|Any CPU.ActiveCfg = Release|Any CPU
		{F6F3E323-C830-45C6-9234-003C5E310B7F}.Release|Any CPU.Build.0 = Release|Any CPU
		{B5DBC927-EAC3-499D-9E3B-A36B8EE66EA1}.Debug|Any CPU.ActiveCfg = Debug|Any CPU
		{B5DBC927-EAC3-499D-9E3B-A36B8EE66EA1}.Debug|Any CPU.Build.0 = Debug|Any CPU
		{B5DBC927-EAC3-499D-9E3B-A36B8EE66EA1}.Release|Any CPU.ActiveCfg = Release|Any CPU
		{B5DBC927-EAC3-499D-9E3B-A36B8EE66EA1}.Release|Any CPU.Build.0 = Release|Any CPU
	EndGlobalSection
	GlobalSection(SolutionProperties) = preSolution
		HideSolutionNode = FALSE
	EndGlobalSection
EndGlobal
